// !$*UTF8*$!
{
	archiveVersion = 1;
	classes = {
	};
	objectVersion = 46;
	objects = {

/* Begin PBXBuildFile section */
		16CDB46F1DEE764F0038C766 /* Qiniu.h in Headers */ = {isa = PBXBuildFile; fileRef = 16CDB46D1DEE764F0038C766 /* Qiniu.h */; settings = {ATTRIBUTES = (Public, ); }; };
		16CDB4781DEE766B0038C766 /* QiniuFile.m in Sources */ = {isa = PBXBuildFile; fileRef = 858102211D7ABF1900B8FCB2 /* QiniuFile.m */; };
		16CDB4791DEE766B0038C766 /* QiniuToken.m in Sources */ = {isa = PBXBuildFile; fileRef = 858102231D7ABF1900B8FCB2 /* QiniuToken.m */; };
		16CDB47A1DEE766B0038C766 /* QiniuMultipartElement.m in Sources */ = {isa = PBXBuildFile; fileRef = 8535AB9F1D7ACAE70096FFE5 /* QiniuMultipartElement.m */; };
		16CDB47B1DEE766B0038C766 /* QiniuInputStream.m in Sources */ = {isa = PBXBuildFile; fileRef = 8535AB991D7AC99A0096FFE5 /* QiniuInputStream.m */; };
		16CDB47C1DEE766B0038C766 /* QiniuUploader.m in Sources */ = {isa = PBXBuildFile; fileRef = 858102251D7ABF1900B8FCB2 /* QiniuUploader.m */; };
		16CDB47D1DEE766B0038C766 /* QUMBase64.m in Sources */ = {isa = PBXBuildFile; fileRef = 858102271D7ABF1900B8FCB2 /* QUMBase64.m */; };
		16CDB47E1DEE76750038C766 /* ALAssetsLibrary+POS.m in Sources */ = {isa = PBXBuildFile; fileRef = 8535ABA31D7B13350096FFE5 /* ALAssetsLibrary+POS.m */; };
		16CDB47F1DEE76750038C766 /* NSInputStream+POS.m in Sources */ = {isa = PBXBuildFile; fileRef = 8535ABA51D7B13350096FFE5 /* NSInputStream+POS.m */; };
		16CDB4801DEE76750038C766 /* POSAdjustedAssetReaderIOS7.m in Sources */ = {isa = PBXBuildFile; fileRef = 8535ABA71D7B13350096FFE5 /* POSAdjustedAssetReaderIOS7.m */; };
		16CDB4811DEE76750038C766 /* POSAdjustedAssetReaderIOS8.m in Sources */ = {isa = PBXBuildFile; fileRef = 8535ABA91D7B13350096FFE5 /* POSAdjustedAssetReaderIOS8.m */; };
		16CDB4821DEE76750038C766 /* POSBlobInputStream.m in Sources */ = {isa = PBXBuildFile; fileRef = 8535ABAD1D7B13350096FFE5 /* POSBlobInputStream.m */; };
		16CDB4831DEE76750038C766 /* POSBlobInputStreamAssetDataSource.m in Sources */ = {isa = PBXBuildFile; fileRef = 8535ABAF1D7B13350096FFE5 /* POSBlobInputStreamAssetDataSource.m */; };
		16CDB4841DEE76750038C766 /* POSFastAssetReader.m in Sources */ = {isa = PBXBuildFile; fileRef = 8535ABB21D7B13350096FFE5 /* POSFastAssetReader.m */; };
		16CDB4851DEE76750038C766 /* POSLocking.m in Sources */ = {isa = PBXBuildFile; fileRef = 8535ABB61D7B13350096FFE5 /* POSLocking.m */; };
		16CDB4861DEE76920038C766 /* QUMDefines.h in Headers */ = {isa = PBXBuildFile; fileRef = 858102281D7ABF1900B8FCB2 /* QUMDefines.h */; settings = {ATTRIBUTES = (Public, ); }; };
		16CDB4871DEE76A40038C766 /* ALAssetsLibrary+POS.h in Headers */ = {isa = PBXBuildFile; fileRef = 8535ABA21D7B13350096FFE5 /* ALAssetsLibrary+POS.h */; settings = {ATTRIBUTES = (Public, ); }; };
		16CDB4881DEE76A40038C766 /* NSInputStream+POS.h in Headers */ = {isa = PBXBuildFile; fileRef = 8535ABA41D7B13350096FFE5 /* NSInputStream+POS.h */; settings = {ATTRIBUTES = (Public, ); }; };
		16CDB4891DEE76A40038C766 /* POSAdjustedAssetReaderIOS7.h in Headers */ = {isa = PBXBuildFile; fileRef = 8535ABA61D7B13350096FFE5 /* POSAdjustedAssetReaderIOS7.h */; settings = {ATTRIBUTES = (Public, ); }; };
		16CDB48A1DEE76A40038C766 /* POSAdjustedAssetReaderIOS8.h in Headers */ = {isa = PBXBuildFile; fileRef = 8535ABA81D7B13350096FFE5 /* POSAdjustedAssetReaderIOS8.h */; settings = {ATTRIBUTES = (Public, ); }; };
		16CDB48B1DEE76A40038C766 /* POSAssetReader.h in Headers */ = {isa = PBXBuildFile; fileRef = 8535ABAA1D7B13350096FFE5 /* POSAssetReader.h */; settings = {ATTRIBUTES = (Public, ); }; };
		16CDB48C1DEE76A40038C766 /* POSBlobInputStream-Prefix.pch in Headers */ = {isa = PBXBuildFile; fileRef = 8535ABAB1D7B13350096FFE5 /* POSBlobInputStream-Prefix.pch */; settings = {ATTRIBUTES = (Public, ); }; };
		16CDB48D1DEE76A40038C766 /* POSBlobInputStream.h in Headers */ = {isa = PBXBuildFile; fileRef = 8535ABAC1D7B13350096FFE5 /* POSBlobInputStream.h */; settings = {ATTRIBUTES = (Public, ); }; };
		16CDB48E1DEE76A40038C766 /* POSBlobInputStreamAssetDataSource.h in Headers */ = {isa = PBXBuildFile; fileRef = 8535ABAE1D7B13350096FFE5 /* POSBlobInputStreamAssetDataSource.h */; settings = {ATTRIBUTES = (Public, ); }; };
		16CDB48F1DEE76A40038C766 /* POSBlobInputStreamDataSource.h in Headers */ = {isa = PBXBuildFile; fileRef = 8535ABB01D7B13350096FFE5 /* POSBlobInputStreamDataSource.h */; settings = {ATTRIBUTES = (Public, ); }; };
		16CDB4901DEE76A40038C766 /* POSFastAssetReader.h in Headers */ = {isa = PBXBuildFile; fileRef = 8535ABB11D7B13350096FFE5 /* POSFastAssetReader.h */; settings = {ATTRIBUTES = (Public, ); }; };
		16CDB4911DEE76A40038C766 /* POSInputStreamLibrary-Prefix.pch in Headers */ = {isa = PBXBuildFile; fileRef = 8535ABB31D7B13350096FFE5 /* POSInputStreamLibrary-Prefix.pch */; settings = {ATTRIBUTES = (Public, ); }; };
		16CDB4921DEE76A40038C766 /* POSInputStreamLibrary.h in Headers */ = {isa = PBXBuildFile; fileRef = 8535ABB41D7B13350096FFE5 /* POSInputStreamLibrary.h */; settings = {ATTRIBUTES = (Public, ); }; };
		16CDB4931DEE76A40038C766 /* POSLocking.h in Headers */ = {isa = PBXBuildFile; fileRef = 8535ABB51D7B13350096FFE5 /* POSLocking.h */; settings = {ATTRIBUTES = (Public, ); }; };
		16CDB4941DEE76A40038C766 /* QiniuFile.h in Headers */ = {isa = PBXBuildFile; fileRef = 858102201D7ABF1900B8FCB2 /* QiniuFile.h */; settings = {ATTRIBUTES = (Public, ); }; };
		16CDB4951DEE76A40038C766 /* QiniuToken.h in Headers */ = {isa = PBXBuildFile; fileRef = 858102221D7ABF1900B8FCB2 /* QiniuToken.h */; settings = {ATTRIBUTES = (Public, ); }; };
		16CDB4961DEE76A40038C766 /* QiniuMultipartElement.h in Headers */ = {isa = PBXBuildFile; fileRef = 8535AB9E1D7ACAE70096FFE5 /* QiniuMultipartElement.h */; settings = {ATTRIBUTES = (Public, ); }; };
		16CDB4971DEE76A40038C766 /* QiniuInputStream.h in Headers */ = {isa = PBXBuildFile; fileRef = 8535AB981D7AC99A0096FFE5 /* QiniuInputStream.h */; settings = {ATTRIBUTES = (Public, ); }; };
		16CDB4981DEE76A40038C766 /* QiniuUploader.h in Headers */ = {isa = PBXBuildFile; fileRef = 858102241D7ABF1900B8FCB2 /* QiniuUploader.h */; settings = {ATTRIBUTES = (Public, ); }; };
		16CDB4991DEE76A40038C766 /* QUMBase64.h in Headers */ = {isa = PBXBuildFile; fileRef = 858102261D7ABF1900B8FCB2 /* QUMBase64.h */; settings = {ATTRIBUTES = (Public, ); }; };
		16CDB49A1DEE775E0038C766 /* Qiniu.framework in Frameworks */ = {isa = PBXBuildFile; fileRef = 16CDB46B1DEE764F0038C766 /* Qiniu.framework */; };
		16CDB49B1DEE775E0038C766 /* Qiniu.framework in Embed Frameworks */ = {isa = PBXBuildFile; fileRef = 16CDB46B1DEE764F0038C766 /* Qiniu.framework */; settings = {ATTRIBUTES = (CodeSignOnCopy, RemoveHeadersOnCopy, ); }; };
		858102361D7ABF1900B8FCB2 /* version.json in Resources */ = {isa = PBXBuildFile; fileRef = 858102291D7ABF1900B8FCB2 /* version.json */; };
		85DD383D1D7ABA3F006A77C2 /* main.m in Sources */ = {isa = PBXBuildFile; fileRef = 85DD383C1D7ABA3F006A77C2 /* main.m */; };
		85DD38401D7ABA3F006A77C2 /* AppDelegate.m in Sources */ = {isa = PBXBuildFile; fileRef = 85DD383F1D7ABA3F006A77C2 /* AppDelegate.m */; };
		85DD38431D7ABA3F006A77C2 /* ViewController.m in Sources */ = {isa = PBXBuildFile; fileRef = 85DD38421D7ABA3F006A77C2 /* ViewController.m */; };
		85DD38481D7ABA3F006A77C2 /* Assets.xcassets in Resources */ = {isa = PBXBuildFile; fileRef = 85DD38471D7ABA3F006A77C2 /* Assets.xcassets */; };
		85DD384B1D7ABA3F006A77C2 /* LaunchScreen.storyboard in Resources */ = {isa = PBXBuildFile; fileRef = 85DD38491D7ABA3F006A77C2 /* LaunchScreen.storyboard */; };
		85DD38901D7ABC98006A77C2 /* test.jpg in Resources */ = {isa = PBXBuildFile; fileRef = 85DD388E1D7ABC98006A77C2 /* test.jpg */; };
		85DD38931D7ABC98006A77C2 /* ふつうのdisco.mp3 in Resources */ = {isa = PBXBuildFile; fileRef = 85DD388F1D7ABC98006A77C2 /* ふつうのdisco.mp3 */; };
/* End PBXBuildFile section */

/* Begin PBXContainerItemProxy section */
		16CDB49C1DEE775E0038C766 /* PBXContainerItemProxy */ = {
			isa = PBXContainerItemProxy;
			containerPortal = 85DD38301D7ABA3F006A77C2 /* Project object */;
			proxyType = 1;
			remoteGlobalIDString = 16CDB46A1DEE764F0038C766;
			remoteInfo = Qiniu;
		};
/* End PBXContainerItemProxy section */

/* Begin PBXCopyFilesBuildPhase section */
		16CDB49E1DEE775E0038C766 /* Embed Frameworks */ = {
			isa = PBXCopyFilesBuildPhase;
			buildActionMask = 2147483647;
			dstPath = "";
			dstSubfolderSpec = 10;
			files = (
				16CDB49B1DEE775E0038C766 /* Qiniu.framework in Embed Frameworks */,
			);
			name = "Embed Frameworks";
			runOnlyForDeploymentPostprocessing = 0;
		};
/* End PBXCopyFilesBuildPhase section */

/* Begin PBXFileReference section */
		16CDB46B1DEE764F0038C766 /* Qiniu.framework */ = {isa = PBXFileReference; explicitFileType = wrapper.framework; includeInIndex = 0; path = Qiniu.framework; sourceTree = BUILT_PRODUCTS_DIR; };
		16CDB46D1DEE764F0038C766 /* Qiniu.h */ = {isa = PBXFileReference; lastKnownFileType = sourcecode.c.h; path = Qiniu.h; sourceTree = "<group>"; };
		16CDB46E1DEE764F0038C766 /* Info.plist */ = {isa = PBXFileReference; lastKnownFileType = text.plist.xml; path = Info.plist; sourceTree = "<group>"; };
		8535AB981D7AC99A0096FFE5 /* QiniuInputStream.h */ = {isa = PBXFileReference; fileEncoding = 4; lastKnownFileType = sourcecode.c.h; path = QiniuInputStream.h; sourceTree = "<group>"; };
		8535AB991D7AC99A0096FFE5 /* QiniuInputStream.m */ = {isa = PBXFileReference; fileEncoding = 4; lastKnownFileType = sourcecode.c.objc; path = QiniuInputStream.m; sourceTree = "<group>"; };
		8535AB9E1D7ACAE70096FFE5 /* QiniuMultipartElement.h */ = {isa = PBXFileReference; fileEncoding = 4; lastKnownFileType = sourcecode.c.h; path = QiniuMultipartElement.h; sourceTree = "<group>"; };
		8535AB9F1D7ACAE70096FFE5 /* QiniuMultipartElement.m */ = {isa = PBXFileReference; fileEncoding = 4; lastKnownFileType = sourcecode.c.objc; path = QiniuMultipartElement.m; sourceTree = "<group>"; };
		8535ABA21D7B13350096FFE5 /* ALAssetsLibrary+POS.h */ = {isa = PBXFileReference; fileEncoding = 4; lastKnownFileType = sourcecode.c.h; path = "ALAssetsLibrary+POS.h"; sourceTree = "<group>"; };
		8535ABA31D7B13350096FFE5 /* ALAssetsLibrary+POS.m */ = {isa = PBXFileReference; fileEncoding = 4; lastKnownFileType = sourcecode.c.objc; path = "ALAssetsLibrary+POS.m"; sourceTree = "<group>"; };
		8535ABA41D7B13350096FFE5 /* NSInputStream+POS.h */ = {isa = PBXFileReference; fileEncoding = 4; lastKnownFileType = sourcecode.c.h; path = "NSInputStream+POS.h"; sourceTree = "<group>"; };
		8535ABA51D7B13350096FFE5 /* NSInputStream+POS.m */ = {isa = PBXFileReference; fileEncoding = 4; lastKnownFileType = sourcecode.c.objc; path = "NSInputStream+POS.m"; sourceTree = "<group>"; };
		8535ABA61D7B13350096FFE5 /* POSAdjustedAssetReaderIOS7.h */ = {isa = PBXFileReference; fileEncoding = 4; lastKnownFileType = sourcecode.c.h; path = POSAdjustedAssetReaderIOS7.h; sourceTree = "<group>"; };
		8535ABA71D7B13350096FFE5 /* POSAdjustedAssetReaderIOS7.m */ = {isa = PBXFileReference; fileEncoding = 4; lastKnownFileType = sourcecode.c.objc; path = POSAdjustedAssetReaderIOS7.m; sourceTree = "<group>"; };
		8535ABA81D7B13350096FFE5 /* POSAdjustedAssetReaderIOS8.h */ = {isa = PBXFileReference; fileEncoding = 4; lastKnownFileType = sourcecode.c.h; path = POSAdjustedAssetReaderIOS8.h; sourceTree = "<group>"; };
		8535ABA91D7B13350096FFE5 /* POSAdjustedAssetReaderIOS8.m */ = {isa = PBXFileReference; fileEncoding = 4; lastKnownFileType = sourcecode.c.objc; path = POSAdjustedAssetReaderIOS8.m; sourceTree = "<group>"; };
		8535ABAA1D7B13350096FFE5 /* POSAssetReader.h */ = {isa = PBXFileReference; fileEncoding = 4; lastKnownFileType = sourcecode.c.h; path = POSAssetReader.h; sourceTree = "<group>"; };
		8535ABAB1D7B13350096FFE5 /* POSBlobInputStream-Prefix.pch */ = {isa = PBXFileReference; fileEncoding = 4; lastKnownFileType = sourcecode.c.h; path = "POSBlobInputStream-Prefix.pch"; sourceTree = "<group>"; };
		8535ABAC1D7B13350096FFE5 /* POSBlobInputStream.h */ = {isa = PBXFileReference; fileEncoding = 4; lastKnownFileType = sourcecode.c.h; path = POSBlobInputStream.h; sourceTree = "<group>"; };
		8535ABAD1D7B13350096FFE5 /* POSBlobInputStream.m */ = {isa = PBXFileReference; fileEncoding = 4; lastKnownFileType = sourcecode.c.objc; path = POSBlobInputStream.m; sourceTree = "<group>"; };
		8535ABAE1D7B13350096FFE5 /* POSBlobInputStreamAssetDataSource.h */ = {isa = PBXFileReference; fileEncoding = 4; lastKnownFileType = sourcecode.c.h; path = POSBlobInputStreamAssetDataSource.h; sourceTree = "<group>"; };
		8535ABAF1D7B13350096FFE5 /* POSBlobInputStreamAssetDataSource.m */ = {isa = PBXFileReference; fileEncoding = 4; lastKnownFileType = sourcecode.c.objc; path = POSBlobInputStreamAssetDataSource.m; sourceTree = "<group>"; };
		8535ABB01D7B13350096FFE5 /* POSBlobInputStreamDataSource.h */ = {isa = PBXFileReference; fileEncoding = 4; lastKnownFileType = sourcecode.c.h; path = POSBlobInputStreamDataSource.h; sourceTree = "<group>"; };
		8535ABB11D7B13350096FFE5 /* POSFastAssetReader.h */ = {isa = PBXFileReference; fileEncoding = 4; lastKnownFileType = sourcecode.c.h; path = POSFastAssetReader.h; sourceTree = "<group>"; };
		8535ABB21D7B13350096FFE5 /* POSFastAssetReader.m */ = {isa = PBXFileReference; fileEncoding = 4; lastKnownFileType = sourcecode.c.objc; path = POSFastAssetReader.m; sourceTree = "<group>"; };
		8535ABB31D7B13350096FFE5 /* POSInputStreamLibrary-Prefix.pch */ = {isa = PBXFileReference; fileEncoding = 4; lastKnownFileType = sourcecode.c.h; path = "POSInputStreamLibrary-Prefix.pch"; sourceTree = "<group>"; };
		8535ABB41D7B13350096FFE5 /* POSInputStreamLibrary.h */ = {isa = PBXFileReference; fileEncoding = 4; lastKnownFileType = sourcecode.c.h; path = POSInputStreamLibrary.h; sourceTree = "<group>"; };
		8535ABB51D7B13350096FFE5 /* POSLocking.h */ = {isa = PBXFileReference; fileEncoding = 4; lastKnownFileType = sourcecode.c.h; path = POSLocking.h; sourceTree = "<group>"; };
		8535ABB61D7B13350096FFE5 /* POSLocking.m */ = {isa = PBXFileReference; fileEncoding = 4; lastKnownFileType = sourcecode.c.objc; path = POSLocking.m; sourceTree = "<group>"; };
		858102201D7ABF1900B8FCB2 /* QiniuFile.h */ = {isa = PBXFileReference; fileEncoding = 4; lastKnownFileType = sourcecode.c.h; path = QiniuFile.h; sourceTree = "<group>"; };
		858102211D7ABF1900B8FCB2 /* QiniuFile.m */ = {isa = PBXFileReference; fileEncoding = 4; lastKnownFileType = sourcecode.c.objc; path = QiniuFile.m; sourceTree = "<group>"; };
		858102221D7ABF1900B8FCB2 /* QiniuToken.h */ = {isa = PBXFileReference; fileEncoding = 4; lastKnownFileType = sourcecode.c.h; path = QiniuToken.h; sourceTree = "<group>"; };
		858102231D7ABF1900B8FCB2 /* QiniuToken.m */ = {isa = PBXFileReference; fileEncoding = 4; lastKnownFileType = sourcecode.c.objc; path = QiniuToken.m; sourceTree = "<group>"; };
		858102241D7ABF1900B8FCB2 /* QiniuUploader.h */ = {isa = PBXFileReference; fileEncoding = 4; lastKnownFileType = sourcecode.c.h; path = QiniuUploader.h; sourceTree = "<group>"; };
		858102251D7ABF1900B8FCB2 /* QiniuUploader.m */ = {isa = PBXFileReference; fileEncoding = 4; lastKnownFileType = sourcecode.c.objc; path = QiniuUploader.m; sourceTree = "<group>"; };
		858102261D7ABF1900B8FCB2 /* QUMBase64.h */ = {isa = PBXFileReference; fileEncoding = 4; lastKnownFileType = sourcecode.c.h; path = QUMBase64.h; sourceTree = "<group>"; };
		858102271D7ABF1900B8FCB2 /* QUMBase64.m */ = {isa = PBXFileReference; fileEncoding = 4; lastKnownFileType = sourcecode.c.objc; path = QUMBase64.m; sourceTree = "<group>"; };
		858102281D7ABF1900B8FCB2 /* QUMDefines.h */ = {isa = PBXFileReference; fileEncoding = 4; lastKnownFileType = sourcecode.c.h; path = QUMDefines.h; sourceTree = "<group>"; };
		858102291D7ABF1900B8FCB2 /* version.json */ = {isa = PBXFileReference; fileEncoding = 4; lastKnownFileType = text.json; path = version.json; sourceTree = "<group>"; };
		85DD38381D7ABA3F006A77C2 /* QiniuUploadDemo.app */ = {isa = PBXFileReference; explicitFileType = wrapper.application; includeInIndex = 0; path = QiniuUploadDemo.app; sourceTree = BUILT_PRODUCTS_DIR; };
		85DD383C1D7ABA3F006A77C2 /* main.m */ = {isa = PBXFileReference; lastKnownFileType = sourcecode.c.objc; path = main.m; sourceTree = "<group>"; };
		85DD383E1D7ABA3F006A77C2 /* AppDelegate.h */ = {isa = PBXFileReference; lastKnownFileType = sourcecode.c.h; path = AppDelegate.h; sourceTree = "<group>"; };
		85DD383F1D7ABA3F006A77C2 /* AppDelegate.m */ = {isa = PBXFileReference; lastKnownFileType = sourcecode.c.objc; path = AppDelegate.m; sourceTree = "<group>"; };
		85DD38411D7ABA3F006A77C2 /* ViewController.h */ = {isa = PBXFileReference; lastKnownFileType = sourcecode.c.h; path = ViewController.h; sourceTree = "<group>"; };
		85DD38421D7ABA3F006A77C2 /* ViewController.m */ = {isa = PBXFileReference; lastKnownFileType = sourcecode.c.objc; path = ViewController.m; sourceTree = "<group>"; };
		85DD38471D7ABA3F006A77C2 /* Assets.xcassets */ = {isa = PBXFileReference; lastKnownFileType = folder.assetcatalog; path = Assets.xcassets; sourceTree = "<group>"; };
		85DD384A1D7ABA3F006A77C2 /* Base */ = {isa = PBXFileReference; lastKnownFileType = file.storyboard; name = Base; path = Base.lproj/LaunchScreen.storyboard; sourceTree = "<group>"; };
		85DD384C1D7ABA3F006A77C2 /* Info.plist */ = {isa = PBXFileReference; lastKnownFileType = text.plist.xml; path = Info.plist; sourceTree = "<group>"; };
		85DD388E1D7ABC98006A77C2 /* test.jpg */ = {isa = PBXFileReference; lastKnownFileType = image.jpeg; path = test.jpg; sourceTree = "<group>"; };
		85DD388F1D7ABC98006A77C2 /* ふつうのdisco.mp3 */ = {isa = PBXFileReference; lastKnownFileType = audio.mp3; path = "ふつうのdisco.mp3"; sourceTree = "<group>"; };
/* End PBXFileReference section */

/* Begin PBXFrameworksBuildPhase section */
		16CDB4671DEE764F0038C766 /* Frameworks */ = {
			isa = PBXFrameworksBuildPhase;
			buildActionMask = 2147483647;
			files = (
			);
			runOnlyForDeploymentPostprocessing = 0;
		};
		85DD38351D7ABA3F006A77C2 /* Frameworks */ = {
			isa = PBXFrameworksBuildPhase;
			buildActionMask = 2147483647;
			files = (
				16CDB49A1DEE775E0038C766 /* Qiniu.framework in Frameworks */,
			);
			runOnlyForDeploymentPostprocessing = 0;
		};
/* End PBXFrameworksBuildPhase section */

/* Begin PBXGroup section */
		16CDB46C1DEE764F0038C766 /* Qiniu */ = {
			isa = PBXGroup;
			children = (
				16CDB46D1DEE764F0038C766 /* Qiniu.h */,
				16CDB46E1DEE764F0038C766 /* Info.plist */,
			);
			path = Qiniu;
			sourceTree = "<group>";
		};
		8535ABA11D7B13350096FFE5 /* POSInputStreamLibrary */ = {
			isa = PBXGroup;
			children = (
				8535ABA21D7B13350096FFE5 /* ALAssetsLibrary+POS.h */,
				8535ABA31D7B13350096FFE5 /* ALAssetsLibrary+POS.m */,
				8535ABA41D7B13350096FFE5 /* NSInputStream+POS.h */,
				8535ABA51D7B13350096FFE5 /* NSInputStream+POS.m */,
				8535ABA61D7B13350096FFE5 /* POSAdjustedAssetReaderIOS7.h */,
				8535ABA71D7B13350096FFE5 /* POSAdjustedAssetReaderIOS7.m */,
				8535ABA81D7B13350096FFE5 /* POSAdjustedAssetReaderIOS8.h */,
				8535ABA91D7B13350096FFE5 /* POSAdjustedAssetReaderIOS8.m */,
				8535ABAA1D7B13350096FFE5 /* POSAssetReader.h */,
				8535ABAB1D7B13350096FFE5 /* POSBlobInputStream-Prefix.pch */,
				8535ABAC1D7B13350096FFE5 /* POSBlobInputStream.h */,
				8535ABAD1D7B13350096FFE5 /* POSBlobInputStream.m */,
				8535ABAE1D7B13350096FFE5 /* POSBlobInputStreamAssetDataSource.h */,
				8535ABAF1D7B13350096FFE5 /* POSBlobInputStreamAssetDataSource.m */,
				8535ABB01D7B13350096FFE5 /* POSBlobInputStreamDataSource.h */,
				8535ABB11D7B13350096FFE5 /* POSFastAssetReader.h */,
				8535ABB21D7B13350096FFE5 /* POSFastAssetReader.m */,
				8535ABB31D7B13350096FFE5 /* POSInputStreamLibrary-Prefix.pch */,
				8535ABB41D7B13350096FFE5 /* POSInputStreamLibrary.h */,
				8535ABB51D7B13350096FFE5 /* POSLocking.h */,
				8535ABB61D7B13350096FFE5 /* POSLocking.m */,
			);
			path = POSInputStreamLibrary;
			sourceTree = "<group>";
		};
		8581021F1D7ABF1900B8FCB2 /* Classes */ = {
			isa = PBXGroup;
			children = (
				8535ABA11D7B13350096FFE5 /* POSInputStreamLibrary */,
				858102281D7ABF1900B8FCB2 /* QUMDefines.h */,
				858102201D7ABF1900B8FCB2 /* QiniuFile.h */,
				858102211D7ABF1900B8FCB2 /* QiniuFile.m */,
				858102221D7ABF1900B8FCB2 /* QiniuToken.h */,
				858102231D7ABF1900B8FCB2 /* QiniuToken.m */,
				8535AB9E1D7ACAE70096FFE5 /* QiniuMultipartElement.h */,
				8535AB9F1D7ACAE70096FFE5 /* QiniuMultipartElement.m */,
				8535AB981D7AC99A0096FFE5 /* QiniuInputStream.h */,
				8535AB991D7AC99A0096FFE5 /* QiniuInputStream.m */,
				858102241D7ABF1900B8FCB2 /* QiniuUploader.h */,
				858102251D7ABF1900B8FCB2 /* QiniuUploader.m */,
				858102261D7ABF1900B8FCB2 /* QUMBase64.h */,
				858102271D7ABF1900B8FCB2 /* QUMBase64.m */,
				858102291D7ABF1900B8FCB2 /* version.json */,
			);
			name = Classes;
			path = ../Classes;
			sourceTree = "<group>";
		};
		85DD382F1D7ABA3F006A77C2 = {
			isa = PBXGroup;
			children = (
				8581021F1D7ABF1900B8FCB2 /* Classes */,
				85DD383A1D7ABA3F006A77C2 /* QiniuUploadDemo */,
				16CDB46C1DEE764F0038C766 /* Qiniu */,
				85DD38391D7ABA3F006A77C2 /* Products */,
			);
			sourceTree = "<group>";
		};
		85DD38391D7ABA3F006A77C2 /* Products */ = {
			isa = PBXGroup;
			children = (
				85DD38381D7ABA3F006A77C2 /* QiniuUploadDemo.app */,
				16CDB46B1DEE764F0038C766 /* Qiniu.framework */,
			);
			name = Products;
			sourceTree = "<group>";
		};
		85DD383A1D7ABA3F006A77C2 /* QiniuUploadDemo */ = {
			isa = PBXGroup;
			children = (
				85DD388E1D7ABC98006A77C2 /* test.jpg */,
				85DD388F1D7ABC98006A77C2 /* ふつうのdisco.mp3 */,
				85DD383E1D7ABA3F006A77C2 /* AppDelegate.h */,
				85DD383F1D7ABA3F006A77C2 /* AppDelegate.m */,
				85DD38411D7ABA3F006A77C2 /* ViewController.h */,
				85DD38421D7ABA3F006A77C2 /* ViewController.m */,
				85DD38471D7ABA3F006A77C2 /* Assets.xcassets */,
				85DD38491D7ABA3F006A77C2 /* LaunchScreen.storyboard */,
				85DD384C1D7ABA3F006A77C2 /* Info.plist */,
				85DD383B1D7ABA3F006A77C2 /* Supporting Files */,
			);
			path = QiniuUploadDemo;
			sourceTree = "<group>";
		};
		85DD383B1D7ABA3F006A77C2 /* Supporting Files */ = {
			isa = PBXGroup;
			children = (
				85DD383C1D7ABA3F006A77C2 /* main.m */,
			);
			name = "Supporting Files";
			sourceTree = "<group>";
		};
/* End PBXGroup section */

/* Begin PBXHeadersBuildPhase section */
		16CDB4681DEE764F0038C766 /* Headers */ = {
			isa = PBXHeadersBuildPhase;
			buildActionMask = 2147483647;
			files = (
				16CDB4971DEE76A40038C766 /* QiniuInputStream.h in Headers */,
				16CDB48A1DEE76A40038C766 /* POSAdjustedAssetReaderIOS8.h in Headers */,
				16CDB4891DEE76A40038C766 /* POSAdjustedAssetReaderIOS7.h in Headers */,
				16CDB46F1DEE764F0038C766 /* Qiniu.h in Headers */,
				16CDB48F1DEE76A40038C766 /* POSBlobInputStreamDataSource.h in Headers */,
				16CDB4931DEE76A40038C766 /* POSLocking.h in Headers */,
				16CDB4951DEE76A40038C766 /* QiniuToken.h in Headers */,
				16CDB4921DEE76A40038C766 /* POSInputStreamLibrary.h in Headers */,
				16CDB4961DEE76A40038C766 /* QiniuMultipartElement.h in Headers */,
				16CDB4871DEE76A40038C766 /* ALAssetsLibrary+POS.h in Headers */,
				16CDB4941DEE76A40038C766 /* QiniuFile.h in Headers */,
				16CDB4901DEE76A40038C766 /* POSFastAssetReader.h in Headers */,
				16CDB4861DEE76920038C766 /* QUMDefines.h in Headers */,
				16CDB48E1DEE76A40038C766 /* POSBlobInputStreamAssetDataSource.h in Headers */,
				16CDB4881DEE76A40038C766 /* NSInputStream+POS.h in Headers */,
				16CDB48C1DEE76A40038C766 /* POSBlobInputStream-Prefix.pch in Headers */,
				16CDB4911DEE76A40038C766 /* POSInputStreamLibrary-Prefix.pch in Headers */,
				16CDB48D1DEE76A40038C766 /* POSBlobInputStream.h in Headers */,
				16CDB4991DEE76A40038C766 /* QUMBase64.h in Headers */,
				16CDB48B1DEE76A40038C766 /* POSAssetReader.h in Headers */,
				16CDB4981DEE76A40038C766 /* QiniuUploader.h in Headers */,
			);
			runOnlyForDeploymentPostprocessing = 0;
		};
/* End PBXHeadersBuildPhase section */

/* Begin PBXNativeTarget section */
		16CDB46A1DEE764F0038C766 /* Qiniu */ = {
			isa = PBXNativeTarget;
			buildConfigurationList = 16CDB4741DEE764F0038C766 /* Build configuration list for PBXNativeTarget "Qiniu" */;
			buildPhases = (
				16CDB4661DEE764F0038C766 /* Sources */,
				16CDB4671DEE764F0038C766 /* Frameworks */,
				16CDB4681DEE764F0038C766 /* Headers */,
				16CDB4691DEE764F0038C766 /* Resources */,
			);
			buildRules = (
			);
			dependencies = (
			);
			name = Qiniu;
			productName = Qiniu;
			productReference = 16CDB46B1DEE764F0038C766 /* Qiniu.framework */;
			productType = "com.apple.product-type.framework";
		};
		85DD38371D7ABA3F006A77C2 /* QiniuUploadDemo */ = {
			isa = PBXNativeTarget;
			buildConfigurationList = 85DD38651D7ABA3F006A77C2 /* Build configuration list for PBXNativeTarget "QiniuUploadDemo" */;
			buildPhases = (
				85DD38341D7ABA3F006A77C2 /* Sources */,
				85DD38351D7ABA3F006A77C2 /* Frameworks */,
				85DD38361D7ABA3F006A77C2 /* Resources */,
				16CDB49E1DEE775E0038C766 /* Embed Frameworks */,
			);
			buildRules = (
			);
			dependencies = (
				16CDB49D1DEE775E0038C766 /* PBXTargetDependency */,
			);
			name = QiniuUploadDemo;
			productName = QiniuUploadDemo;
			productReference = 85DD38381D7ABA3F006A77C2 /* QiniuUploadDemo.app */;
			productType = "com.apple.product-type.application";
		};
/* End PBXNativeTarget section */

/* Begin PBXProject section */
		85DD38301D7ABA3F006A77C2 /* Project object */ = {
			isa = PBXProject;
			attributes = {
				LastUpgradeCheck = 0800;
				ORGANIZATIONNAME = "胡 桓铭";
				TargetAttributes = {
					16CDB46A1DEE764F0038C766 = {
						CreatedOnToolsVersion = 8.1;
						DevelopmentTeam = NR6298RRHY;
						ProvisioningStyle = Automatic;
					};
					85DD38371D7ABA3F006A77C2 = {
						CreatedOnToolsVersion = 7.3.1;
						DevelopmentTeam = NR6298RRHY;
					};
				};
			};
			buildConfigurationList = 85DD38331D7ABA3F006A77C2 /* Build configuration list for PBXProject "QiniuUploadDemo" */;
			compatibilityVersion = "Xcode 3.2";
			developmentRegion = English;
			hasScannedForEncodings = 0;
			knownRegions = (
				en,
				Base,
			);
			mainGroup = 85DD382F1D7ABA3F006A77C2;
			productRefGroup = 85DD38391D7ABA3F006A77C2 /* Products */;
			projectDirPath = "";
			projectRoot = "";
			targets = (
				85DD38371D7ABA3F006A77C2 /* QiniuUploadDemo */,
				16CDB46A1DEE764F0038C766 /* Qiniu */,
			);
		};
/* End PBXProject section */

/* Begin PBXResourcesBuildPhase section */
		16CDB4691DEE764F0038C766 /* Resources */ = {
			isa = PBXResourcesBuildPhase;
			buildActionMask = 2147483647;
			files = (
			);
			runOnlyForDeploymentPostprocessing = 0;
		};
		85DD38361D7ABA3F006A77C2 /* Resources */ = {
			isa = PBXResourcesBuildPhase;
			buildActionMask = 2147483647;
			files = (
				858102361D7ABF1900B8FCB2 /* version.json in Resources */,
				85DD384B1D7ABA3F006A77C2 /* LaunchScreen.storyboard in Resources */,
				85DD38931D7ABC98006A77C2 /* ふつうのdisco.mp3 in Resources */,
				85DD38481D7ABA3F006A77C2 /* Assets.xcassets in Resources */,
				85DD38901D7ABC98006A77C2 /* test.jpg in Resources */,
			);
			runOnlyForDeploymentPostprocessing = 0;
		};
/* End PBXResourcesBuildPhase section */

/* Begin PBXSourcesBuildPhase section */
		16CDB4661DEE764F0038C766 /* Sources */ = {
			isa = PBXSourcesBuildPhase;
			buildActionMask = 2147483647;
			files = (
				16CDB4851DEE76750038C766 /* POSLocking.m in Sources */,
				16CDB47F1DEE76750038C766 /* NSInputStream+POS.m in Sources */,
				16CDB47D1DEE766B0038C766 /* QUMBase64.m in Sources */,
				16CDB4831DEE76750038C766 /* POSBlobInputStreamAssetDataSource.m in Sources */,
				16CDB4791DEE766B0038C766 /* QiniuToken.m in Sources */,
				16CDB4811DEE76750038C766 /* POSAdjustedAssetReaderIOS8.m in Sources */,
				16CDB47A1DEE766B0038C766 /* QiniuMultipartElement.m in Sources */,
				16CDB4821DEE76750038C766 /* POSBlobInputStream.m in Sources */,
				16CDB4781DEE766B0038C766 /* QiniuFile.m in Sources */,
				16CDB4801DEE76750038C766 /* POSAdjustedAssetReaderIOS7.m in Sources */,
				16CDB47B1DEE766B0038C766 /* QiniuInputStream.m in Sources */,
				16CDB47E1DEE76750038C766 /* ALAssetsLibrary+POS.m in Sources */,
				16CDB4841DEE76750038C766 /* POSFastAssetReader.m in Sources */,
				16CDB47C1DEE766B0038C766 /* QiniuUploader.m in Sources */,
			);
			runOnlyForDeploymentPostprocessing = 0;
		};
		85DD38341D7ABA3F006A77C2 /* Sources */ = {
			isa = PBXSourcesBuildPhase;
			buildActionMask = 2147483647;
			files = (
				85DD38431D7ABA3F006A77C2 /* ViewController.m in Sources */,
				85DD38401D7ABA3F006A77C2 /* AppDelegate.m in Sources */,
				85DD383D1D7ABA3F006A77C2 /* main.m in Sources */,
			);
			runOnlyForDeploymentPostprocessing = 0;
		};
/* End PBXSourcesBuildPhase section */

/* Begin PBXTargetDependency section */
		16CDB49D1DEE775E0038C766 /* PBXTargetDependency */ = {
			isa = PBXTargetDependency;
			target = 16CDB46A1DEE764F0038C766 /* Qiniu */;
			targetProxy = 16CDB49C1DEE775E0038C766 /* PBXContainerItemProxy */;
		};
/* End PBXTargetDependency section */

/* Begin PBXVariantGroup section */
		85DD38491D7ABA3F006A77C2 /* LaunchScreen.storyboard */ = {
			isa = PBXVariantGroup;
			children = (
				85DD384A1D7ABA3F006A77C2 /* Base */,
			);
			name = LaunchScreen.storyboard;
			sourceTree = "<group>";
		};
/* End PBXVariantGroup section */

/* Begin XCBuildConfiguration section */
		16CDB4751DEE764F0038C766 /* Debug */ = {
			isa = XCBuildConfiguration;
			buildSettings = {
				CLANG_WARN_DOCUMENTATION_COMMENTS = YES;
				CLANG_WARN_SUSPICIOUS_MOVES = YES;
				CODE_SIGN_IDENTITY = "";
				CURRENT_PROJECT_VERSION = 1;
				DEFINES_MODULE = YES;
				DEVELOPMENT_TEAM = NR6298RRHY;
				DYLIB_COMPATIBILITY_VERSION = 1;
				DYLIB_CURRENT_VERSION = 1;
				DYLIB_INSTALL_NAME_BASE = "@rpath";
				INFOPLIST_FILE = Qiniu/Info.plist;
				INSTALL_PATH = "$(LOCAL_LIBRARY_DIR)/Frameworks";
				IPHONEOS_DEPLOYMENT_TARGET = 8.0;
				LD_RUNPATH_SEARCH_PATHS = "$(inherited) @executable_path/Frameworks @loader_path/Frameworks";
				PRODUCT_BUNDLE_IDENTIFIER = com.SelfStudio.Qiniu;
				PRODUCT_NAME = "$(TARGET_NAME)";
				SKIP_INSTALL = YES;
				SWIFT_ACTIVE_COMPILATION_CONDITIONS = DEBUG;
				SWIFT_OPTIMIZATION_LEVEL = "-Onone";
				SWIFT_VERSION = 3.0;
				VERSIONING_SYSTEM = "apple-generic";
				VERSION_INFO_PREFIX = "";
			};
			name = Debug;
		};
		16CDB4761DEE764F0038C766 /* Release */ = {
			isa = XCBuildConfiguration;
			buildSettings = {
				CLANG_WARN_DOCUMENTATION_COMMENTS = YES;
				CLANG_WARN_SUSPICIOUS_MOVES = YES;
				CODE_SIGN_IDENTITY = "";
				CURRENT_PROJECT_VERSION = 1;
				DEFINES_MODULE = YES;
				DEVELOPMENT_TEAM = NR6298RRHY;
				DYLIB_COMPATIBILITY_VERSION = 1;
				DYLIB_CURRENT_VERSION = 1;
				DYLIB_INSTALL_NAME_BASE = "@rpath";
				INFOPLIST_FILE = Qiniu/Info.plist;
				INSTALL_PATH = "$(LOCAL_LIBRARY_DIR)/Frameworks";
				IPHONEOS_DEPLOYMENT_TARGET = 8.0;
				LD_RUNPATH_SEARCH_PATHS = "$(inherited) @executable_path/Frameworks @loader_path/Frameworks";
				PRODUCT_BUNDLE_IDENTIFIER = com.SelfStudio.Qiniu;
				PRODUCT_NAME = "$(TARGET_NAME)";
				SKIP_INSTALL = YES;
				SWIFT_OPTIMIZATION_LEVEL = "-Owholemodule";
				SWIFT_VERSION = 3.0;
				VERSIONING_SYSTEM = "apple-generic";
				VERSION_INFO_PREFIX = "";
			};
			name = Release;
		};
		85DD38631D7ABA3F006A77C2 /* Debug */ = {
			isa = XCBuildConfiguration;
			buildSettings = {
				ALWAYS_SEARCH_USER_PATHS = NO;
				CLANG_ANALYZER_NONNULL = YES;
				CLANG_CXX_LANGUAGE_STANDARD = "gnu++0x";
				CLANG_CXX_LIBRARY = "libc++";
				CLANG_ENABLE_MODULES = YES;
				CLANG_ENABLE_OBJC_ARC = YES;
				CLANG_WARN_BOOL_CONVERSION = YES;
				CLANG_WARN_CONSTANT_CONVERSION = YES;
				CLANG_WARN_DIRECT_OBJC_ISA_USAGE = YES_ERROR;
				CLANG_WARN_EMPTY_BODY = YES;
				CLANG_WARN_ENUM_CONVERSION = YES;
				CLANG_WARN_INFINITE_RECURSION = YES;
				CLANG_WARN_INT_CONVERSION = YES;
				CLANG_WARN_OBJC_ROOT_CLASS = YES_ERROR;
				CLANG_WARN_SUSPICIOUS_MOVE = YES;
				CLANG_WARN_UNREACHABLE_CODE = YES;
				CLANG_WARN__DUPLICATE_METHOD_MATCH = YES;
				"CODE_SIGN_IDENTITY[sdk=iphoneos*]" = "iPhone Developer";
				COPY_PHASE_STRIP = NO;
				DEBUG_INFORMATION_FORMAT = dwarf;
				ENABLE_STRICT_OBJC_MSGSEND = YES;
				ENABLE_TESTABILITY = YES;
				GCC_C_LANGUAGE_STANDARD = gnu99;
				GCC_DYNAMIC_NO_PIC = NO;
				GCC_NO_COMMON_BLOCKS = YES;
				GCC_OPTIMIZATION_LEVEL = 0;
				GCC_PREPROCESSOR_DEFINITIONS = (
					"DEBUG=1",
					"$(inherited)",
				);
				GCC_WARN_64_TO_32_BIT_CONVERSION = YES;
				GCC_WARN_ABOUT_RETURN_TYPE = YES_ERROR;
				GCC_WARN_UNDECLARED_SELECTOR = YES;
				GCC_WARN_UNINITIALIZED_AUTOS = YES_AGGRESSIVE;
				GCC_WARN_UNUSED_FUNCTION = YES;
				GCC_WARN_UNUSED_VARIABLE = YES;
				IPHONEOS_DEPLOYMENT_TARGET = 9.3;
				MTL_ENABLE_DEBUG_INFO = YES;
				ONLY_ACTIVE_ARCH = YES;
				SDKROOT = iphoneos;
				TARGETED_DEVICE_FAMILY = "1,2";
			};
			name = Debug;
		};
		85DD38641D7ABA3F006A77C2 /* Release */ = {
			isa = XCBuildConfiguration;
			buildSettings = {
				ALWAYS_SEARCH_USER_PATHS = NO;
				CLANG_ANALYZER_NONNULL = YES;
				CLANG_CXX_LANGUAGE_STANDARD = "gnu++0x";
				CLANG_CXX_LIBRARY = "libc++";
				CLANG_ENABLE_MODULES = YES;
				CLANG_ENABLE_OBJC_ARC = YES;
				CLANG_WARN_BOOL_CONVERSION = YES;
				CLANG_WARN_CONSTANT_CONVERSION = YES;
				CLANG_WARN_DIRECT_OBJC_ISA_USAGE = YES_ERROR;
				CLANG_WARN_EMPTY_BODY = YES;
				CLANG_WARN_ENUM_CONVERSION = YES;
				CLANG_WARN_INFINITE_RECURSION = YES;
				CLANG_WARN_INT_CONVERSION = YES;
				CLANG_WARN_OBJC_ROOT_CLASS = YES_ERROR;
				CLANG_WARN_SUSPICIOUS_MOVE = YES;
				CLANG_WARN_UNREACHABLE_CODE = YES;
				CLANG_WARN__DUPLICATE_METHOD_MATCH = YES;
				"CODE_SIGN_IDENTITY[sdk=iphoneos*]" = "iPhone Developer";
				COPY_PHASE_STRIP = NO;
				DEBUG_INFORMATION_FORMAT = "dwarf-with-dsym";
				ENABLE_NS_ASSERTIONS = NO;
				ENABLE_STRICT_OBJC_MSGSEND = YES;
				GCC_C_LANGUAGE_STANDARD = gnu99;
				GCC_NO_COMMON_BLOCKS = YES;
				GCC_WARN_64_TO_32_BIT_CONVERSION = YES;
				GCC_WARN_ABOUT_RETURN_TYPE = YES_ERROR;
				GCC_WARN_UNDECLARED_SELECTOR = YES;
				GCC_WARN_UNINITIALIZED_AUTOS = YES_AGGRESSIVE;
				GCC_WARN_UNUSED_FUNCTION = YES;
				GCC_WARN_UNUSED_VARIABLE = YES;
				IPHONEOS_DEPLOYMENT_TARGET = 9.3;
				MTL_ENABLE_DEBUG_INFO = NO;
				SDKROOT = iphoneos;
				TARGETED_DEVICE_FAMILY = "1,2";
				VALIDATE_PRODUCT = YES;
			};
			name = Release;
		};
		85DD38661D7ABA3F006A77C2 /* Debug */ = {
			isa = XCBuildConfiguration;
			buildSettings = {
				ASSETCATALOG_COMPILER_APPICON_NAME = AppIcon;
				DEVELOPMENT_TEAM = NR6298RRHY;
				INFOPLIST_FILE = QiniuUploadDemo/Info.plist;
				IPHONEOS_DEPLOYMENT_TARGET = 8.0;
				LD_RUNPATH_SEARCH_PATHS = "$(inherited) @executable_path/Frameworks";
				PRODUCT_BUNDLE_IDENTIFIER = "zach-hu.QiniuUploadDemo";
				PRODUCT_NAME = "$(TARGET_NAME)";
			};
			name = Debug;
		};
		85DD38671D7ABA3F006A77C2 /* Release */ = {
			isa = XCBuildConfiguration;
			buildSettings = {
				ASSETCATALOG_COMPILER_APPICON_NAME = AppIcon;
				DEVELOPMENT_TEAM = NR6298RRHY;
				INFOPLIST_FILE = QiniuUploadDemo/Info.plist;
				IPHONEOS_DEPLOYMENT_TARGET = 8.0;
				LD_RUNPATH_SEARCH_PATHS = "$(inherited) @executable_path/Frameworks";
				PRODUCT_BUNDLE_IDENTIFIER = "zach-hu.QiniuUploadDemo";
				PRODUCT_NAME = "$(TARGET_NAME)";
			};
			name = Release;
		};
/* End XCBuildConfiguration section */

/* Begin XCConfigurationList section */
		16CDB4741DEE764F0038C766 /* Build configuration list for PBXNativeTarget "Qiniu" */ = {
			isa = XCConfigurationList;
			buildConfigurations = (
				16CDB4751DEE764F0038C766 /* Debug */,
				16CDB4761DEE764F0038C766 /* Release */,
			);
			defaultConfigurationIsVisible = 0;
		};
		85DD38331D7ABA3F006A77C2 /* Build configuration list for PBXProject "QiniuUploadDemo" */ = {
			isa = XCConfigurationList;
			buildConfigurations = (
				85DD38631D7ABA3F006A77C2 /* Debug */,
				85DD38641D7ABA3F006A77C2 /* Release */,
			);
			defaultConfigurationIsVisible = 0;
			defaultConfigurationName = Release;
		};
		85DD38651D7ABA3F006A77C2 /* Build configuration list for PBXNativeTarget "QiniuUploadDemo" */ = {
			isa = XCConfigurationList;
			buildConfigurations = (
				85DD38661D7ABA3F006A77C2 /* Debug */,
				85DD38671D7ABA3F006A77C2 /* Release */,
			);
			defaultConfigurationIsVisible = 0;
			defaultConfigurationName = Release;
		};
/* End XCConfigurationList section */
	};
	rootObject = 85DD38301D7ABA3F006A77C2 /* Project object */;
}
